
Microsoft Visual Studio Solution File, Format Version 12.00
# Visual Studio Version 17
VisualStudioVersion = 17.1.32210.238
MinimumVisualStudioVersion = 10.0.40219.1
Project("{2150E333-8FDC-42A3-9474-1A3956D46DE8}") = "src", "src", "{FBD1631D-E7F4-4884-9E28-93580440367B}"
EndProject
Project("{9A19103F-16F7-4668-BE54-9A1E7A4F7556}") = "UsersManagement", "src\UsersManagement\UsersManagement.csproj", "{C19869E8-9607-4454-8A53-E192D2570421}"
EndProject
Project("{2150E333-8FDC-42A3-9474-1A3956D46DE8}") = "Samples", "Samples", "{D554400A-1FDC-4E44-8B29-FE8993E15F75}"
EndProject
Project("{9A19103F-16F7-4668-BE54-9A1E7A4F7556}") = "UsersManagement.Sample.API", "Samples\UsersManagement.Sample.API\UsersManagement.Sample.API.csproj", "{DD2ACB85-C686-4C80-8639-99A1EB076973}"
EndProject
Global
	GlobalSection(SolutionConfigurationPlatforms) = preSolution
		Debug|Any CPU = Debug|Any CPU
		Release|Any CPU = Release|Any CPU
	EndGlobalSection
	GlobalSection(ProjectConfigurationPlatforms) = postSolution
		{C19869E8-9607-4454-8A53-E192D2570421}.Debug|Any CPU.ActiveCfg = Debug|Any CPU
		{C19869E8-9607-4454-8A53-E192D2570421}.Debug|Any CPU.Build.0 = Debug|Any CPU
		{C19869E8-9607-4454-8A53-E192D2570421}.Release|Any CPU.ActiveCfg = Release|Any CPU
		{C19869E8-9607-4454-8A53-E192D2570421}.Release|Any CPU.Build.0 = Release|Any CPU
		{DD2ACB85-C686-4C80-8639-99A1EB076973}.Debug|Any CPU.ActiveCfg = Debug|Any CPU
		{DD2ACB85-C686-4C80-8639-99A1EB076973}.Debug|Any CPU.Build.0 = Debug|Any CPU
		{DD2ACB85-C686-4C80-8639-99A1EB076973}.Release|Any CPU.ActiveCfg = Release|Any CPU
		{DD2ACB85-C686-4C80-8639-99A1EB076973}.Release|Any CPU.Build.0 = Release|Any CPU
	EndGlobalSection
	GlobalSection(SolutionProperties) = preSolution
		HideSolutionNode = FALSE
	EndGlobalSection
	GlobalSection(NestedProjects) = preSolution
		{C19869E8-9607-4454-8A53-E192D2570421} = {FBD1631D-E7F4-4884-9E28-93580440367B}
		{DD2ACB85-C686-4C80-8639-99A1EB076973} = {D554400A-1FDC-4E44-8B29-FE8993E15F75}
	EndGlobalSection
	GlobalSection(ExtensibilityGlobals) = postSolution
		SolutionGuid = {D563CECD-C51B-4B10-B729-2832204142EE}
	EndGlobalSection
EndGlobal
